
Microsoft Visual Studio Solution File, Format Version 12.00
# Visual Studio Version 17
VisualStudioVersion = 17.14.36408.4 d17.14
MinimumVisualStudioVersion = 10.0.40219.1
Project("{FAE04EC0-301F-11D3-BF4B-00C04F79EFBC}") = "EMassage", "EMassage.csproj", "{A358BDBF-6526-45FC-B975-8D1D793CA6CD}"
EndProject
Global
	GlobalSection(SolutionConfigurationPlatforms) = preSolution
		Debug|Any CPU = Debug|Any CPU
		Release|Any CPU = Release|Any CPU
	EndGlobalSection
	GlobalSection(ProjectConfigurationPlatforms) = postSolution
		{A358BDBF-6526-45FC-B975-8D1D793CA6CD}.Debug|Any CPU.ActiveCfg = Debug|Any CPU
		{A358BDBF-6526-45FC-B975-8D1D793CA6CD}.Debug|Any CPU.Build.0 = Debug|Any CPU
		{A358BDBF-6526-45FC-B975-8D1D793CA6CD}.Release|Any CPU.ActiveCfg = Release|Any CPU
		{A358BDBF-6526-45FC-B975-8D1D793CA6CD}.Release|Any CPU.Build.0 = Release|Any CPU
	EndGlobalSection
	GlobalSection(SolutionProperties) = preSolution
		HideSolutionNode = FALSE
	EndGlobalSection
	GlobalSection(ExtensibilityGlobals) = postSolution
		SolutionGuid = {C786559C-9A26-40D1-BB63-FB7B49D2E376}
	EndGlobalSection
EndGlobal
